// !$*UTF8*$!
{
	archiveVersion = 1;
	classes = {
	};
	objectVersion = 50;
	objects = {

/* Begin PBXBuildFile section */
		D4841E642533C7FD00FDF7FA /* BarChartsApp.swift in Sources */ = {isa = PBXBuildFile; fileRef = D4841E632533C7FD00FDF7FA /* BarChartsApp.swift */; };
		D4841E662533C7FD00FDF7FA /* ContentView.swift in Sources */ = {isa = PBXBuildFile; fileRef = D4841E652533C7FD00FDF7FA /* ContentView.swift */; };
		D4841E682533C80100FDF7FA /* Assets.xcassets in Resources */ = {isa = PBXBuildFile; fileRef = D4841E672533C80100FDF7FA /* Assets.xcassets */; };
		D4841E6B2533C80100FDF7FA /* Preview Assets.xcassets in Resources */ = {isa = PBXBuildFile; fileRef = D4841E6A2533C80100FDF7FA /* Preview Assets.xcassets */; };
		D4841E762533C80200FDF7FA /* BarChartsTests.swift in Sources */ = {isa = PBXBuildFile; fileRef = D4841E752533C80200FDF7FA /* BarChartsTests.swift */; };
		D4841E812533C80200FDF7FA /* BarChartsUITests.swift in Sources */ = {isa = PBXBuildFile; fileRef = D4841E802533C80200FDF7FA /* BarChartsUITests.swift */; };
/* End PBXBuildFile section */

/* Begin PBXContainerItemProxy section */
		D4841E722533C80200FDF7FA /* PBXContainerItemProxy */ = {
			isa = PBXContainerItemProxy;
			containerPortal = D4841E582533C7FD00FDF7FA /* Project object */;
			proxyType = 1;
			remoteGlobalIDString = D4841E5F2533C7FD00FDF7FA;
			remoteInfo = BarCharts;
		};
		D4841E7D2533C80200FDF7FA /* PBXContainerItemProxy */ = {
			isa = PBXContainerItemProxy;
			containerPortal = D4841E582533C7FD00FDF7FA /* Project object */;
			proxyType = 1;
			remoteGlobalIDString = D4841E5F2533C7FD00FDF7FA;
			remoteInfo = BarCharts;
		};
/* End PBXContainerItemProxy section */

/* Begin PBXFileReference section */
		D4841E602533C7FD00FDF7FA /* BarCharts.app */ = {isa = PBXFileReference; explicitFileType = wrapper.application; includeInIndex = 0; path = BarCharts.app; sourceTree = BUILT_PRODUCTS_DIR; };
		D4841E632533C7FD00FDF7FA /* BarChartsApp.swift */ = {isa = PBXFileReference; lastKnownFileType = sourcecode.swift; path = BarChartsApp.swift; sourceTree = "<group>"; };
		D4841E652533C7FD00FDF7FA /* ContentView.swift */ = {isa = PBXFileReference; lastKnownFileType = sourcecode.swift; path = ContentView.swift; sourceTree = "<group>"; };
		D4841E672533C80100FDF7FA /* Assets.xcassets */ = {isa = PBXFileReference; lastKnownFileType = folder.assetcatalog; path = Assets.xcassets; sourceTree = "<group>"; };
		D4841E6A2533C80100FDF7FA /* Preview Assets.xcassets */ = {isa = PBXFileReference; lastKnownFileType = folder.assetcatalog; path = "Preview Assets.xcassets"; sourceTree = "<group>"; };
		D4841E6C2533C80100FDF7FA /* Info.plist */ = {isa = PBXFileReference; lastKnownFileType = text.plist.xml; path = Info.plist; sourceTree = "<group>"; };
		D4841E712533C80200FDF7FA /* BarChartsTests.xctest */ = {isa = PBXFileReference; explicitFileType = wrapper.cfbundle; includeInIndex = 0; path = BarChartsTests.xctest; sourceTree = BUILT_PRODUCTS_DIR; };
		D4841E752533C80200FDF7FA /* BarChartsTests.swift */ = {isa = PBXFileReference; lastKnownFileType = sourcecode.swift; path = BarChartsTests.swift; sourceTree = "<group>"; };
		D4841E772533C80200FDF7FA /* Info.plist */ = {isa = PBXFileReference; lastKnownFileType = text.plist.xml; path = Info.plist; sourceTree = "<group>"; };
		D4841E7C2533C80200FDF7FA /* BarChartsUITests.xctest */ = {isa = PBXFileReference; explicitFileType = wrapper.cfbundle; includeInIndex = 0; path = BarChartsUITests.xctest; sourceTree = BUILT_PRODUCTS_DIR; };
		D4841E802533C80200FDF7FA /* BarChartsUITests.swift */ = {isa = PBXFileReference; lastKnownFileType = sourcecode.swift; path = BarChartsUITests.swift; sourceTree = "<group>"; };
		D4841E822533C80200FDF7FA /* Info.plist */ = {isa = PBXFileReference; lastKnownFileType = text.plist.xml; path = Info.plist; sourceTree = "<group>"; };
/* End PBXFileReference section */

/* Begin PBXFrameworksBuildPhase section */
		D4841E5D2533C7FD00FDF7FA /* Frameworks */ = {
			isa = PBXFrameworksBuildPhase;
			buildActionMask = 2147483647;
			files = (
			);
			runOnlyForDeploymentPostprocessing = 0;
		};
		D4841E6E2533C80200FDF7FA /* Frameworks */ = {
			isa = PBXFrameworksBuildPhase;
			buildActionMask = 2147483647;
			files = (
			);
			runOnlyForDeploymentPostprocessing = 0;
		};
		D4841E792533C80200FDF7FA /* Frameworks */ = {
			isa = PBXFrameworksBuildPhase;
			buildActionMask = 2147483647;
			files = (
			);
			runOnlyForDeploymentPostprocessing = 0;
		};
/* End PBXFrameworksBuildPhase section */

/* Begin PBXGroup section */
		D4841E572533C7FD00FDF7FA = {
			isa = PBXGroup;
			children = (
				D4841E622533C7FD00FDF7FA /* BarCharts */,
				D4841E742533C80200FDF7FA /* BarChartsTests */,
				D4841E7F2533C80200FDF7FA /* BarChartsUITests */,
				D4841E612533C7FD00FDF7FA /* Products */,
			);
			sourceTree = "<group>";
		};
		D4841E612533C7FD00FDF7FA /* Products */ = {
			isa = PBXGroup;
			children = (
				D4841E602533C7FD00FDF7FA /* BarCharts.app */,
				D4841E712533C80200FDF7FA /* BarChartsTests.xctest */,
				D4841E7C2533C80200FDF7FA /* BarChartsUITests.xctest */,
			);
			name = Products;
			sourceTree = "<group>";
		};
		D4841E622533C7FD00FDF7FA /* BarCharts */ = {
			isa = PBXGroup;
			children = (
				D4841E632533C7FD00FDF7FA /* BarChartsApp.swift */,
				D4841E652533C7FD00FDF7FA /* ContentView.swift */,
				D4841E672533C80100FDF7FA /* Assets.xcassets */,
				D4841E6C2533C80100FDF7FA /* Info.plist */,
				D4841E692533C80100FDF7FA /* Preview Content */,
			);
			path = BarCharts;
			sourceTree = "<group>";
		};
		D4841E692533C80100FDF7FA /* Preview Content */ = {
			isa = PBXGroup;
			children = (
				D4841E6A2533C80100FDF7FA /* Preview Assets.xcassets */,
			);
			path = "Preview Content";
			sourceTree = "<group>";
		};
		D4841E742533C80200FDF7FA /* BarChartsTests */ = {
			isa = PBXGroup;
			children = (
				D4841E752533C80200FDF7FA /* BarChartsTests.swift */,
				D4841E772533C80200FDF7FA /* Info.plist */,
			);
			path = BarChartsTests;
			sourceTree = "<group>";
		};
		D4841E7F2533C80200FDF7FA /* BarChartsUITests */ = {
			isa = PBXGroup;
			children = (
				D4841E802533C80200FDF7FA /* BarChartsUITests.swift */,
				D4841E822533C80200FDF7FA /* Info.plist */,
			);
			path = BarChartsUITests;
			sourceTree = "<group>";
		};
/* End PBXGroup section */

/* Begin PBXNativeTarget section */
		D4841E5F2533C7FD00FDF7FA /* BarCharts */ = {
			isa = PBXNativeTarget;
			buildConfigurationList = D4841E852533C80200FDF7FA /* Build configuration list for PBXNativeTarget "BarCharts" */;
			buildPhases = (
				D4841E5C2533C7FD00FDF7FA /* Sources */,
				D4841E5D2533C7FD00FDF7FA /* Frameworks */,
				D4841E5E2533C7FD00FDF7FA /* Resources */,
			);
			buildRules = (
			);
			dependencies = (
			);
			name = BarCharts;
			productName = BarCharts;
			productReference = D4841E602533C7FD00FDF7FA /* BarCharts.app */;
			productType = "com.apple.product-type.application";
		};
		D4841E702533C80200FDF7FA /* BarChartsTests */ = {
			isa = PBXNativeTarget;
			buildConfigurationList = D4841E882533C80200FDF7FA /* Build configuration list for PBXNativeTarget "BarChartsTests" */;
			buildPhases = (
				D4841E6D2533C80200FDF7FA /* Sources */,
				D4841E6E2533C80200FDF7FA /* Frameworks */,
				D4841E6F2533C80200FDF7FA /* Resources */,
			);
			buildRules = (
			);
			dependencies = (
				D4841E732533C80200FDF7FA /* PBXTargetDependency */,
			);
			name = BarChartsTests;
			productName = BarChartsTests;
			productReference = D4841E712533C80200FDF7FA /* BarChartsTests.xctest */;
			productType = "com.apple.product-type.bundle.unit-test";
		};
		D4841E7B2533C80200FDF7FA /* BarChartsUITests */ = {
			isa = PBXNativeTarget;
			buildConfigurationList = D4841E8B2533C80200FDF7FA /* Build configuration list for PBXNativeTarget "BarChartsUITests" */;
			buildPhases = (
				D4841E782533C80200FDF7FA /* Sources */,
				D4841E792533C80200FDF7FA /* Frameworks */,
				D4841E7A2533C80200FDF7FA /* Resources */,
			);
			buildRules = (
			);
			dependencies = (
				D4841E7E2533C80200FDF7FA /* PBXTargetDependency */,
			);
			name = BarChartsUITests;
			productName = BarChartsUITests;
			productReference = D4841E7C2533C80200FDF7FA /* BarChartsUITests.xctest */;
			productType = "com.apple.product-type.bundle.ui-testing";
		};
/* End PBXNativeTarget section */

/* Begin PBXProject section */
		D4841E582533C7FD00FDF7FA /* Project object */ = {
			isa = PBXProject;
			attributes = {
				LastSwiftUpdateCheck = 1200;
				LastUpgradeCheck = 1200;
				TargetAttributes = {
					D4841E5F2533C7FD00FDF7FA = {
						CreatedOnToolsVersion = 12.0.1;
					};
					D4841E702533C80200FDF7FA = {
						CreatedOnToolsVersion = 12.0.1;
						TestTargetID = D4841E5F2533C7FD00FDF7FA;
					};
					D4841E7B2533C80200FDF7FA = {
						CreatedOnToolsVersion = 12.0.1;
						TestTargetID = D4841E5F2533C7FD00FDF7FA;
					};
				};
			};
			buildConfigurationList = D4841E5B2533C7FD00FDF7FA /* Build configuration list for PBXProject "BarCharts" */;
			compatibilityVersion = "Xcode 9.3";
			developmentRegion = en;
			hasScannedForEncodings = 0;
			knownRegions = (
				en,
				Base,
			);
			mainGroup = D4841E572533C7FD00FDF7FA;
			productRefGroup = D4841E612533C7FD00FDF7FA /* Products */;
			projectDirPath = "";
			projectRoot = "";
			targets = (
				D4841E5F2533C7FD00FDF7FA /* BarCharts */,
				D4841E702533C80200FDF7FA /* BarChartsTests */,
				D4841E7B2533C80200FDF7FA /* BarChartsUITests */,
			);
		};
/* End PBXProject section */

/* Begin PBXResourcesBuildPhase section */
		D4841E5E2533C7FD00FDF7FA /* Resources */ = {
			isa = PBXResourcesBuildPhase;
			buildActionMask = 2147483647;
			files = (
				D4841E6B2533C80100FDF7FA /* Preview Assets.xcassets in Resources */,
				D4841E682533C80100FDF7FA /* Assets.xcassets in Resources */,
			);
			runOnlyForDeploymentPostprocessing = 0;
		};
		D4841E6F2533C80200FDF7FA /* Resources */ = {
			isa = PBXResourcesBuildPhase;
			buildActionMask = 2147483647;
			files = (
			);
			runOnlyForDeploymentPostprocessing = 0;
		};
		D4841E7A2533C80200FDF7FA /* Resources */ = {
			isa = PBXResourcesBuildPhase;
			buildActionMask = 2147483647;
			files = (
			);
			runOnlyForDeploymentPostprocessing = 0;
		};
/* End PBXResourcesBuildPhase section */

/* Begin PBXSourcesBuildPhase section */
		D4841E5C2533C7FD00FDF7FA /* Sources */ = {
			isa = PBXSourcesBuildPhase;
			buildActionMask = 2147483647;
			files = (
				D4841E662533C7FD00FDF7FA /* ContentView.swift in Sources */,
				D4841E642533C7FD00FDF7FA /* BarChartsApp.swift in Sources */,
			);
			runOnlyForDeploymentPostprocessing = 0;
		};
		D4841E6D2533C80200FDF7FA /* Sources */ = {
			isa = PBXSourcesBuildPhase;
			buildActionMask = 2147483647;
			files = (
				D4841E762533C80200FDF7FA /* BarChartsTests.swift in Sources */,
			);
			runOnlyForDeploymentPostprocessing = 0;
		};
		D4841E782533C80200FDF7FA /* Sources */ = {
			isa = PBXSourcesBuildPhase;
			buildActionMask = 2147483647;
			files = (
				D4841E812533C80200FDF7FA /* BarChartsUITests.swift in Sources */,
			);
			runOnlyForDeploymentPostprocessing = 0;
		};
/* End PBXSourcesBuildPhase section */

/* Begin PBXTargetDependency section */
		D4841E732533C80200FDF7FA /* PBXTargetDependency */ = {
			isa = PBXTargetDependency;
			target = D4841E5F2533C7FD00FDF7FA /* BarCharts */;
			targetProxy = D4841E722533C80200FDF7FA /* PBXContainerItemProxy */;
		};
		D4841E7E2533C80200FDF7FA /* PBXTargetDependency */ = {
			isa = PBXTargetDependency;
			target = D4841E5F2533C7FD00FDF7FA /* BarCharts */;
			targetProxy = D4841E7D2533C80200FDF7FA /* PBXContainerItemProxy */;
		};
/* End PBXTargetDependency section */

/* Begin XCBuildConfiguration section */
		D4841E832533C80200FDF7FA /* Debug */ = {
			isa = XCBuildConfiguration;
			buildSettings = {
				ALWAYS_SEARCH_USER_PATHS = NO;
				CLANG_ANALYZER_NONNULL = YES;
				CLANG_ANALYZER_NUMBER_OBJECT_CONVERSION = YES_AGGRESSIVE;
				CLANG_CXX_LANGUAGE_STANDARD = "gnu++14";
				CLANG_CXX_LIBRARY = "libc++";
				CLANG_ENABLE_MODULES = YES;
				CLANG_ENABLE_OBJC_ARC = YES;
				CLANG_ENABLE_OBJC_WEAK = YES;
				CLANG_WARN_BLOCK_CAPTURE_AUTORELEASING = YES;
				CLANG_WARN_BOOL_CONVERSION = YES;
				CLANG_WARN_COMMA = YES;
				CLANG_WARN_CONSTANT_CONVERSION = YES;
				CLANG_WARN_DEPRECATED_OBJC_IMPLEMENTATIONS = YES;
				CLANG_WARN_DIRECT_OBJC_ISA_USAGE = YES_ERROR;
				CLANG_WARN_DOCUMENTATION_COMMENTS = YES;
				CLANG_WARN_EMPTY_BODY = YES;
				CLANG_WARN_ENUM_CONVERSION = YES;
				CLANG_WARN_INFINITE_RECURSION = YES;
				CLANG_WARN_INT_CONVERSION = YES;
				CLANG_WARN_NON_LITERAL_NULL_CONVERSION = YES;
				CLANG_WARN_OBJC_IMPLICIT_RETAIN_SELF = YES;
				CLANG_WARN_OBJC_LITERAL_CONVERSION = YES;
				CLANG_WARN_OBJC_ROOT_CLASS = YES_ERROR;
				CLANG_WARN_QUOTED_INCLUDE_IN_FRAMEWORK_HEADER = YES;
				CLANG_WARN_RANGE_LOOP_ANALYSIS = YES;
				CLANG_WARN_STRICT_PROTOTYPES = YES;
				CLANG_WARN_SUSPICIOUS_MOVE = YES;
				CLANG_WARN_UNGUARDED_AVAILABILITY = YES_AGGRESSIVE;
				CLANG_WARN_UNREACHABLE_CODE = YES;
				CLANG_WARN__DUPLICATE_METHOD_MATCH = YES;
				COPY_PHASE_STRIP = NO;
				DEBUG_INFORMATION_FORMAT = dwarf;
				ENABLE_STRICT_OBJC_MSGSEND = YES;
				ENABLE_TESTABILITY = YES;
				GCC_C_LANGUAGE_STANDARD = gnu11;
				GCC_DYNAMIC_NO_PIC = NO;
				GCC_NO_COMMON_BLOCKS = YES;
				GCC_OPTIMIZATION_LEVEL = 0;
				GCC_PREPROCESSOR_DEFINITIONS = (
					"DEBUG=1",
					"$(inherited)",
				);
				GCC_WARN_64_TO_32_BIT_CONVERSION = YES;
				GCC_WARN_ABOUT_RETURN_TYPE = YES_ERROR;
				GCC_WARN_UNDECLARED_SELECTOR = YES;
				GCC_WARN_UNINITIALIZED_AUTOS = YES_AGGRESSIVE;
				GCC_WARN_UNUSED_FUNCTION = YES;
				GCC_WARN_UNUSED_VARIABLE = YES;
				IPHONEOS_DEPLOYMENT_TARGET = 14.0;
				MTL_ENABLE_DEBUG_INFO = INCLUDE_SOURCE;
				MTL_FAST_MATH = YES;
				ONLY_ACTIVE_ARCH = YES;
				SDKROOT = iphoneos;
				SWIFT_ACTIVE_COMPILATION_CONDITIONS = DEBUG;
				SWIFT_OPTIMIZATION_LEVEL = "-Onone";
			};
			name = Debug;
		};
		D4841E842533C80200FDF7FA /* Release */ = {
			isa = XCBuildConfiguration;
			buildSettings = {
				ALWAYS_SEARCH_USER_PATHS = NO;
				CLANG_ANALYZER_NONNULL = YES;
				CLANG_ANALYZER_NUMBER_OBJECT_CONVERSION = YES_AGGRESSIVE;
				CLANG_CXX_LANGUAGE_STANDARD = "gnu++14";
				CLANG_CXX_LIBRARY = "libc++";
				CLANG_ENABLE_MODULES = YES;
				CLANG_ENABLE_OBJC_ARC = YES;
				CLANG_ENABLE_OBJC_WEAK = YES;
				CLANG_WARN_BLOCK_CAPTURE_AUTORELEASING = YES;
				CLANG_WARN_BOOL_CONVERSION = YES;
				CLANG_WARN_COMMA = YES;
				CLANG_WARN_CONSTANT_CONVERSION = YES;
				CLANG_WARN_DEPRECATED_OBJC_IMPLEMENTATIONS = YES;
				CLANG_WARN_DIRECT_OBJC_ISA_USAGE = YES_ERROR;
				CLANG_WARN_DOCUMENTATION_COMMENTS = YES;
				CLANG_WARN_EMPTY_BODY = YES;
				CLANG_WARN_ENUM_CONVERSION = YES;
				CLANG_WARN_INFINITE_RECURSION = YES;
				CLANG_WARN_INT_CONVERSION = YES;
				CLANG_WARN_NON_LITERAL_NULL_CONVERSION = YES;
				CLANG_WARN_OBJC_IMPLICIT_RETAIN_SELF = YES;
				CLANG_WARN_OBJC_LITERAL_CONVERSION = YES;
				CLANG_WARN_OBJC_ROOT_CLASS = YES_ERROR;
				CLANG_WARN_QUOTED_INCLUDE_IN_FRAMEWORK_HEADER = YES;
				CLANG_WARN_RANGE_LOOP_ANALYSIS = YES;
				CLANG_WARN_STRICT_PROTOTYPES = YES;
				CLANG_WARN_SUSPICIOUS_MOVE = YES;
				CLANG_WARN_UNGUARDED_AVAILABILITY = YES_AGGRESSIVE;
				CLANG_WARN_UNREACHABLE_CODE = YES;
				CLANG_WARN__DUPLICATE_METHOD_MATCH = YES;
				COPY_PHASE_STRIP = NO;
				DEBUG_INFORMATION_FORMAT = "dwarf-with-dsym";
				ENABLE_NS_ASSERTIONS = NO;
				ENABLE_STRICT_OBJC_MSGSEND = YES;
				GCC_C_LANGUAGE_STANDARD = gnu11;
				GCC_NO_COMMON_BLOCKS = YES;
				GCC_WARN_64_TO_32_BIT_CONVERSION = YES;
				GCC_WARN_ABOUT_RETURN_TYPE = YES_ERROR;
				GCC_WARN_UNDECLARED_SELECTOR = YES;
				GCC_WARN_UNINITIALIZED_AUTOS = YES_AGGRESSIVE;
				GCC_WARN_UNUSED_FUNCTION = YES;
				GCC_WARN_UNUSED_VARIABLE = YES;
				IPHONEOS_DEPLOYMENT_TARGET = 14.0;
				MTL_ENABLE_DEBUG_INFO = NO;
				MTL_FAST_MATH = YES;
				SDKROOT = iphoneos;
				SWIFT_COMPILATION_MODE = wholemodule;
				SWIFT_OPTIMIZATION_LEVEL = "-O";
				VALIDATE_PRODUCT = YES;
			};
			name = Release;
		};
		D4841E862533C80200FDF7FA /* Debug */ = {
			isa = XCBuildConfiguration;
			buildSettings = {
				ASSETCATALOG_COMPILER_APPICON_NAME = AppIcon;
				ASSETCATALOG_COMPILER_GLOBAL_ACCENT_COLOR_NAME = AccentColor;
				CODE_SIGN_STYLE = Automatic;
				DEVELOPMENT_ASSET_PATHS = "\"BarCharts/Preview Content\"";
				DEVELOPMENT_TEAM = 8YMG4SKZ64;
				ENABLE_PREVIEWS = YES;
				INFOPLIST_FILE = BarCharts/Info.plist;
				IPHONEOS_DEPLOYMENT_TARGET = 14.0;
				LD_RUNPATH_SEARCH_PATHS = (
					"$(inherited)",
					"@executable_path/Frameworks",
				);
				PRODUCT_BUNDLE_IDENTIFIER = study.self.BarCharts;
				PRODUCT_NAME = "$(TARGET_NAME)";
				SWIFT_VERSION = 5.0;
				TARGETED_DEVICE_FAMILY = "1,2";
			};
			name = Debug;
		};
		D4841E872533C80200FDF7FA /* Release */ = {
			isa = XCBuildConfiguration;
			buildSettings = {
				ASSETCATALOG_COMPILER_APPICON_NAME = AppIcon;
				ASSETCATALOG_COMPILER_GLOBAL_ACCENT_COLOR_NAME = AccentColor;
				CODE_SIGN_STYLE = Automatic;
				DEVELOPMENT_ASSET_PATHS = "\"BarCharts/Preview Content\"";
				DEVELOPMENT_TEAM = 8YMG4SKZ64;
				ENABLE_PREVIEWS = YES;
				INFOPLIST_FILE = BarCharts/Info.plist;
				IPHONEOS_DEPLOYMENT_TARGET = 14.0;
				LD_RUNPATH_SEARCH_PATHS = (
					"$(inherited)",
					"@executable_path/Frameworks",
				);
				PRODUCT_BUNDLE_IDENTIFIER = study.self.BarCharts;
				PRODUCT_NAME = "$(TARGET_NAME)";
				SWIFT_VERSION = 5.0;
				TARGETED_DEVICE_FAMILY = "1,2";
			};
			name = Release;
		};
		D4841E892533C80200FDF7FA /* Debug */ = {
			isa = XCBuildConfiguration;
			buildSettings = {
				ALWAYS_EMBED_SWIFT_STANDARD_LIBRARIES = YES;
				BUNDLE_LOADER = "$(TEST_HOST)";
				CODE_SIGN_STYLE = Automatic;
				DEVELOPMENT_TEAM = 8YMG4SKZ64;
				INFOPLIST_FILE = BarChartsTests/Info.plist;
				IPHONEOS_DEPLOYMENT_TARGET = 14.0;
				LD_RUNPATH_SEARCH_PATHS = (
					"$(inherited)",
					"@executable_path/Frameworks",
					"@loader_path/Frameworks",
				);
				PRODUCT_BUNDLE_IDENTIFIER = study.self.BarChartsTests;
				PRODUCT_NAME = "$(TARGET_NAME)";
				SWIFT_VERSION = 5.0;
				TARGETED_DEVICE_FAMILY = "1,2";
				TEST_HOST = "$(BUILT_PRODUCTS_DIR)/BarCharts.app/BarCharts";
			};
			name = Debug;
		};
		D4841E8A2533C80200FDF7FA /* Release */ = {
			isa = XCBuildConfiguration;
			buildSettings = {
				ALWAYS_EMBED_SWIFT_STANDARD_LIBRARIES = YES;
				BUNDLE_LOADER = "$(TEST_HOST)";
				CODE_SIGN_STYLE = Automatic;
				DEVELOPMENT_TEAM = 8YMG4SKZ64;
				INFOPLIST_FILE = BarChartsTests/Info.plist;
				IPHONEOS_DEPLOYMENT_TARGET = 14.0;
				LD_RUNPATH_SEARCH_PATHS = (
					"$(inherited)",
					"@executable_path/Frameworks",
					"@loader_path/Frameworks",
				);
				PRODUCT_BUNDLE_IDENTIFIER = study.self.BarChartsTests;
				PRODUCT_NAME = "$(TARGET_NAME)";
				SWIFT_VERSION = 5.0;
				TARGETED_DEVICE_FAMILY = "1,2";
				TEST_HOST = "$(BUILT_PRODUCTS_DIR)/BarCharts.app/BarCharts";
			};
			name = Release;
		};
		D4841E8C2533C80200FDF7FA /* Debug */ = {
			isa = XCBuildConfiguration;
			buildSettings = {
				ALWAYS_EMBED_SWIFT_STANDARD_LIBRARIES = YES;
				CODE_SIGN_STYLE = Automatic;
				DEVELOPMENT_TEAM = 8YMG4SKZ64;
				INFOPLIST_FILE = BarChartsUITests/Info.plist;
				LD_RUNPATH_SEARCH_PATHS = (
					"$(inherited)",
					"@executable_path/Frameworks",
					"@loader_path/Frameworks",
				);
				PRODUCT_BUNDLE_IDENTIFIER = study.self.BarChartsUITests;
				PRODUCT_NAME = "$(TARGET_NAME)";
				SWIFT_VERSION = 5.0;
				TARGETED_DEVICE_FAMILY = "1,2";
				TEST_TARGET_NAME = BarCharts;
			};
			name = Debug;
		};
		D4841E8D2533C80200FDF7FA /* Release */ = {
			isa = XCBuildConfiguration;
			buildSettings = {
				ALWAYS_EMBED_SWIFT_STANDARD_LIBRARIES = YES;
				CODE_SIGN_STYLE = Automatic;
				DEVELOPMENT_TEAM = 8YMG4SKZ64;
				INFOPLIST_FILE = BarChartsUITests/Info.plist;
				LD_RUNPATH_SEARCH_PATHS = (
					"$(inherited)",
					"@executable_path/Frameworks",
					"@loader_path/Frameworks",
				);
				PRODUCT_BUNDLE_IDENTIFIER = study.self.BarChartsUITests;
				PRODUCT_NAME = "$(TARGET_NAME)";
				SWIFT_VERSION = 5.0;
				TARGETED_DEVICE_FAMILY = "1,2";
				TEST_TARGET_NAME = BarCharts;
			};
			name = Release;
		};
/* End XCBuildConfiguration section */

/* Begin XCConfigurationList section */
		D4841E5B2533C7FD00FDF7FA /* Build configuration list for PBXProject "BarCharts" */ = {
			isa = XCConfigurationList;
			buildConfigurations = (
				D4841E832533C80200FDF7FA /* Debug */,
				D4841E842533C80200FDF7FA /* Release */,
			);
			defaultConfigurationIsVisible = 0;
			defaultConfigurationName = Release;
		};
		D4841E852533C80200FDF7FA /* Build configuration list for PBXNativeTarget "BarCharts" */ = {
			isa = XCConfigurationList;
			buildConfigurations = (
				D4841E862533C80200FDF7FA /* Debug */,
				D4841E872533C80200FDF7FA /* Release */,
			);
			defaultConfigurationIsVisible = 0;
			defaultConfigurationName = Release;
		};
		D4841E882533C80200FDF7FA /* Build configuration list for PBXNativeTarget "BarChartsTests" */ = {
			isa = XCConfigurationList;
			buildConfigurations = (
				D4841E892533C80200FDF7FA /* Debug */,
				D4841E8A2533C80200FDF7FA /* Release */,
			);
			defaultConfigurationIsVisible = 0;
			defaultConfigurationName = Release;
		};
		D4841E8B2533C80200FDF7FA /* Build configuration list for PBXNativeTarget "BarChartsUITests" */ = {
			isa = XCConfigurationList;
			buildConfigurations = (
				D4841E8C2533C80200FDF7FA /* Debug */,
				D4841E8D2533C80200FDF7FA /* Release */,
			);
			defaultConfigurationIsVisible = 0;
			defaultConfigurationName = Release;
		};
/* End XCConfigurationList section */
	};
	rootObject = D4841E582533C7FD00FDF7FA /* Project object */;
}
